# THIS IS AN AUTOGENERATED FILE. DO NOT EDIT THIS FILE DIRECTLY.
# yarn lockfile v1


clipboard@^1.5.5, clipboard@^1.6.1:
  version "1.6.1"
  resolved "https://registry.yarnpkg.com/clipboard/-/clipboard-1.6.1.tgz#65c5b654812466b0faab82dc6ba0f1d2f8e4be53"
  dependencies:
    good-listener "^1.2.0"
    select "^1.1.2"
    tiny-emitter "^1.0.0"

delegate@^3.1.2:
  version "3.1.2"
  resolved "https://registry.yarnpkg.com/delegate/-/delegate-3.1.2.tgz#1e1bc6f5cadda6cb6cbf7e6d05d0bcdd5712aebe"

good-listener@^1.2.0:
  version "1.2.2"
  resolved "https://registry.yarnpkg.com/good-listener/-/good-listener-1.2.2.tgz#d53b30cdf9313dffb7dc9a0d477096aa6d145c50"
  dependencies:
    delegate "^3.1.2"

minireset.css@^0.0.2:
  version "0.0.2"
  resolved "https://registry.yarnpkg.com/minireset.css/-/minireset.css-0.0.2.tgz#5f3fc8184559a9278cfe05db646fb0809cc53f02"

prismjs@^1.6.0:
  version "1.6.0"
  resolved "https://registry.yarnpkg.com/prismjs/-/prismjs-1.6.0.tgz#118d95fb7a66dba2272e343b345f5236659db365"
  optionalDependencies:
    clipboard "^1.5.5"

select@^1.1.2:
  version "1.1.2"
  resolved "https://registry.yarnpkg.com/select/-/select-1.1.2.tgz#0e7350acdec80b1108528786ec1d4418d11b396d"

tiny-emitter@^1.0.0:
  version "1.1.0"
  resolved "https://registry.yarnpkg.com/tiny-emitter/-/tiny-emitter-1.1.0.tgz#ab405a21ffed814a76c19739648093d70654fecb"
